PODS:
  - Flutter (1.0.0)
  - iOSDFULibrary (4.13.0):
    - ZIPFoundation (= 0.9.11)
  - smartble_sdk (0.0.1):
    - Flutter
    - iOSDFULibrary (~> 4.13.0)
    - SnapKit
  - SnapKit (5.6.0)
  - ZIPFoundation (0.9.11)

DEPENDENCIES:
  - Flutter (from `Flutter`)
  - smartble_sdk (from `.symlinks/plugins/smartble_sdk/ios`)

SPEC REPOS:
  trunk:
    - iOSDFULibrary
    - SnapKit
    - ZIPFoundation

EXTERNAL SOURCES:
  Flutter:
    :path: Flutter
  smartble_sdk:
    :path: ".symlinks/plugins/smartble_sdk/ios"

SPEC CHECKSUMS:
  Flutter: e0871f40cf51350855a761d2e70bf5af5b9b5de7
  iOSDFULibrary: 3b9de67ed4bfb901b5f09c2fea843f65e152612d
  smartble_sdk: 8f0b16b786e920c7ebc64afed829395bb845ee08
  SnapKit: e01d52ebb8ddbc333eefe2132acf85c8227d9c25
  ZIPFoundation: b1f0de4eed33e74a676f76e12559ab6b75990197

PODFILE CHECKSUM: 4e8f8b2be68aeea4c0d5beb6ff1e79fface1d048

COCOAPODS: 1.15.2
